dependencies:
- name: common
  repository: file://../common/
  version: 0.1.0
- name: mongodb
  repository: file://../mongodb/
  version: 0.1.0
- name: redis
  repository: file://../redis/
  version: 0.1.0
- name: spike-service
  repository: file://../spike-service/
  version: 0.1.0
- name: request-service
  repository: file://../request-service/
  version: 0.1.0
- name: kartoffel-service
  repository: file://../kartoffel-service/
  version: 0.1.0
- name: producer-service
  repository: file://../producer-service/
  version: 0.1.0
- name: notification-service
  repository: file://../notification-service/
  version: 0.1.0
- name: approver-service
  repository: file://../approver-service/
  version: 0.1.0
- name: tea-service
  repository: file://../tea-service/
  version: 0.1.0
- name: authentication-service
  repository: file://../authentication-service/
  version: 0.1.0
- name: api-gateway
  repository: file://../api-gateway/
  version: 0.1.0
- name: supernova-ui
  repository: file://../supernova-ui/
  version: 0.1.0
digest: sha256:4b72da1d289472a2ab234ca1cbbc6d1e0667d5aa8dcfd63437202f282ae65a93
generated: "2021-08-19T10:02:38.154370045+03:00"
