dependencies:
- name: common
  repository: file://../common/
  version: 0.1.0
- name: spike-service
  repository: file://../spike-service/
  version: 0.1.0
- name: request-service
  repository: file://../request-service/
  version: 0.1.0
- name: kartoffel-service
  repository: file://../kartoffel-service/
  version: 0.1.0
- name: producer-service
  repository: file://../producer-service/
  version: 0.1.0
- name: notification-service
  repository: file://../notification-service/
  version: 0.1.0
- name: approver-service
  repository: file://../approver-service/
  version: 0.1.0
- name: tea-service
  repository: file://../tea-service/
  version: 0.1.0
- name: authentication-service
  repository: file://../authentication-service/
  version: 0.1.0
- name: api-gateway
  repository: file://../api-gateway/
  version: 0.1.0
digest: sha256:6872325c5ba2c8b5dc643cc28a40cb369174961e571d7489fd8bf6976313ac18
generated: "2021-08-18T11:47:43.096672+03:00"
